
Microsoft Visual Studio Solution File, Format Version 12.00
# Visual Studio Version 17
VisualStudioVersion = 17.5.33530.505
MinimumVisualStudioVersion = 10.0.40219.1
Project("{FAE04EC0-301F-11D3-BF4B-00C04F79EFBC}") = "FHSaverMVC", "FHSaverMVC\FHSaverMVC.csproj", "{EFC1B8B0-E061-4231-9EE3-C1844A8FDB30}"
EndProject
Global
	GlobalSection(SolutionConfigurationPlatforms) = preSolution
		Debug|Any CPU = Debug|Any CPU
		Release|Any CPU = Release|Any CPU
	EndGlobalSection
	GlobalSection(ProjectConfigurationPlatforms) = postSolution
		{EFC1B8B0-E061-4231-9EE3-C1844A8FDB30}.Debug|Any CPU.ActiveCfg = Debug|Any CPU
		{EFC1B8B0-E061-4231-9EE3-C1844A8FDB30}.Debug|Any CPU.Build.0 = Debug|Any CPU
		{EFC1B8B0-E061-4231-9EE3-C1844A8FDB30}.Release|Any CPU.ActiveCfg = Release|Any CPU
		{EFC1B8B0-E061-4231-9EE3-C1844A8FDB30}.Release|Any CPU.Build.0 = Release|Any CPU
	EndGlobalSection
	GlobalSection(SolutionProperties) = preSolution
		HideSolutionNode = FALSE
	EndGlobalSection
	GlobalSection(ExtensibilityGlobals) = postSolution
		SolutionGuid = {1192EA62-7330-4DD8-9018-F2F170637B03}
	EndGlobalSection
EndGlobal
